<?xml version="1.0" encoding="utf-8"?>
<Project ToolsVersion="4.0" xmlns="http://schemas.microsoft.com/developer/msbuild/2003">
  <ItemGroup>
    <ClCompile Include="Lib\tinyxml2.cpp">
      <Filter>Lib</Filter>
    </ClCompile>
    <ClCompile Include="Source\Main.cpp">
      <Filter>Source</Filter>
    </ClCompile>
    <ClCompile Include="Source\Core\DebugTools.cpp">
      <Filter>Source\Core</Filter>
    </ClCompile>
    <ClCompile Include="Source\Core\Font.cpp">
      <Filter>Source\Core</Filter>
    </ClCompile>
    <ClCompile Include="Source\Core\GraphicsWindow.cpp">
      <Filter>Source\Core</Filter>
    </ClCompile>
    <ClCompile Include="Source\Core\Logger.cpp">
      <Filter>Source\Core</Filter>
    </ClCompile>
    <ClCompile Include="Source\Core\Shader.cpp">
      <Filter>Source\Core</Filter>
    </ClCompile>
    <ClCompile Include="Source\Core\StringOps.cpp">
      <Filter>Source\Core</Filter>
    </ClCompile>
    <ClCompile Include="Source\Core\Texture.cpp">
      <Filter>Source\Core</Filter>
    </ClCompile>
    <ClCompile Include="Source\Core\Timer.cpp">
      <Filter>Source\Core</Filter>
    </ClCompile>
    <ClCompile Include="Source\Game\MapRenderer.cpp">
      <Filter>Source\Game</Filter>
    </ClCompile>
    <ClCompile Include="Source\Game\TextRenderer.cpp">
      <Filter>Source\Game</Filter>
    </ClCompile>
    <ClCompile Include="Source\Game\Models\Cube.cpp">
      <Filter>Source\Game\Models</Filter>
    </ClCompile>
    <ClCompile Include="Source\Game\Models\Grid.cpp">
      <Filter>Source\Game\Models</Filter>
    </ClCompile>
    <ClCompile Include="Source\TileEngine\Tile.cpp">
      <Filter>Source\TileEngine</Filter>
    </ClCompile>
    <ClCompile Include="Source\TileEngine\TileEngine.cpp">
      <Filter>Source\TileEngine</Filter>
    </ClCompile>
    <ClCompile Include="Source\Game\CameraBehaviorFly.cpp">
      <Filter>Source\Game</Filter>
    </ClCompile>
    <ClCompile Include="Source\Game\Models\Square.cpp" />
    <ClCompile Include="Source\Game\Map.cpp" />
    <ClCompile Include="Lib\sqlite3.c" />
    <ClCompile Include="Source\TileEngine\DbInterface.cpp" />
    <ClCompile Include="Source\Game\CameraBehaviorMap.cpp">
      <Filter>Source\Game</Filter>
    </ClCompile>
    <ClCompile Include="Source\TileEngine\Models\Feature.cpp" />
    <ClCompile Include="Source\TileEngine\Models\DynamicFeature.cpp" />
    <ClCompile Include="Source\TileEngine\Models\StaticFeature.cpp" />
    <ClCompile Include="Source\TileEngine\ModelsManager.cpp" />
  </ItemGroup>
  <ItemGroup>
    <ClInclude Include="Lib\tinyxml2.h">
      <Filter>Lib</Filter>
    </ClInclude>
    <ClInclude Include="Source\Core\ColorConverter.h">
      <Filter>Source\Core</Filter>
    </ClInclude>
    <ClInclude Include="Source\Core\DebugTools.h">
      <Filter>Source\Core</Filter>
    </ClInclude>
    <ClInclude Include="Source\Core\Embed.h">
      <Filter>Source\Core</Filter>
    </ClInclude>
    <ClInclude Include="Source\Core\Font.h">
      <Filter>Source\Core</Filter>
    </ClInclude>
    <ClInclude Include="Source\Core\GraphicsWindow.h">
      <Filter>Source\Core</Filter>
    </ClInclude>
    <ClInclude Include="Source\Core\Hash.h">
      <Filter>Source\Core</Filter>
    </ClInclude>
    <ClInclude Include="Source\Core\IWindow.h">
      <Filter>Source\Core</Filter>
    </ClInclude>
    <ClInclude Include="Source\Core\Logger.h">
      <Filter>Source\Core</Filter>
    </ClInclude>
    <ClInclude Include="Source\Core\Shader.h">
      <Filter>Source\Core</Filter>
    </ClInclude>
    <ClInclude Include="Source\Core\StdIncludes.h">
      <Filter>Source\Core</Filter>
    </ClInclude>
    <ClInclude Include="Source\Core\StringOps.h">
      <Filter>Source\Core</Filter>
    </ClInclude>
    <ClInclude Include="Source\Core\Texture.h">
      <Filter>Source\Core</Filter>
    </ClInclude>
    <ClInclude Include="Source\Core\Threadpool.h">
      <Filter>Source\Core</Filter>
    </ClInclude>
    <ClInclude Include="Source\Core\Timer.h">
      <Filter>Source\Core</Filter>
    </ClInclude>
    <ClInclude Include="Source\Core\UniqueHandle.h">
      <Filter>Source\Core</Filter>
    </ClInclude>
    <ClInclude Include="Source\Game\MapRenderer.h">
      <Filter>Source\Game</Filter>
    </ClInclude>
    <ClInclude Include="Source\Game\TextRenderer.h">
      <Filter>Source\Game</Filter>
    </ClInclude>
    <ClInclude Include="Source\Game\Models\Cube.h">
      <Filter>Source\Game\Models</Filter>
    </ClInclude>
    <ClInclude Include="Source\Game\Models\Grid.h">
      <Filter>Source\Game\Models</Filter>
    </ClInclude>
    <ClInclude Include="Source\TileEngine\Tile.h">
      <Filter>Source\TileEngine</Filter>
    </ClInclude>
    <ClInclude Include="Source\TileEngine\TileEngine.h">
      <Filter>Source\TileEngine</Filter>
    </ClInclude>
    <ClInclude Include="Source\Game\Camera.h">
      <Filter>Source\Game</Filter>
    </ClInclude>
    <ClInclude Include="Source\Game\CameraBehaviorFly.h">
      <Filter>Source\Game</Filter>
    </ClInclude>
    <ClInclude Include="Source\Game\Models\Square.h" />
    <ClInclude Include="Source\Game\Map.h" />
    <ClInclude Include="Source\Game\MapConfig.h" />
    <ClInclude Include="Lib\sqlite3.h" />
    <ClInclude Include="Lib\concurrentqueue.h" />
    <ClInclude Include="Source\TileEngine\DbInterface.h" />
    <ClInclude Include="Source\Core\Db.h" />
    <ClInclude Include="Lib\blockingconcurrentqueue.h">
      <Filter>Lib</Filter>
    </ClInclude>
    <ClInclude Include="Source\Game\CameraBehavior.h">
      <Filter>Source\Game</Filter>
    </ClInclude>
    <ClInclude Include="Source\Game\CameraBehaviorMap.h">
      <Filter>Source\Game</Filter>
    </ClInclude>
    <ClInclude Include="Source\TileEngine\Payload.h" />
    <ClInclude Include="Source\TileEngine\Models\BoundingRect.h">
      <Filter>Source\TileEngine</Filter>
    </ClInclude>
    <ClInclude Include="Source\TileEngine\Models\Feature.h" />
    <ClInclude Include="Source\TileEngine\Models\StaticFeature.h" />
    <ClInclude Include="Source\TileEngine\Models\DynamicFeature.h" />
    <ClInclude Include="Source\TileEngine\ModelsManager.h" />
  </ItemGroup>
  <ItemGroup>
    <Filter Include="Lib">
      <UniqueIdentifier>{2101505d-5126-4243-a9f5-3aa3b57a6fb7}</UniqueIdentifier>
    </Filter>
    <Filter Include="Embed">
      <UniqueIdentifier>{6a8a0542-dcdd-4175-a98f-e3d3a4b6d8d5}</UniqueIdentifier>
    </Filter>
    <Filter Include="Bin">
      <UniqueIdentifier>{3ef618e7-a6f5-4b0c-bf05-992f3147e960}</UniqueIdentifier>
    </Filter>
    <Filter Include="Bin\Data">
      <UniqueIdentifier>{735fe7e8-3b67-4ed6-97f9-f39a64bd7744}</UniqueIdentifier>
    </Filter>
    <Filter Include="Source">
      <UniqueIdentifier>{1ea4e704-d0b3-4265-92e4-c73aadc72da8}</UniqueIdentifier>
    </Filter>
    <Filter Include="Source\Core">
      <UniqueIdentifier>{95f24b7e-55fb-4439-863d-193ac7138ff0}</UniqueIdentifier>
    </Filter>
    <Filter Include="Source\Gui">
      <UniqueIdentifier>{f5f9830f-91cb-4d86-b261-91c13d3c403f}</UniqueIdentifier>
    </Filter>
    <Filter Include="Source\Game">
      <UniqueIdentifier>{35cc5f38-3bfb-42e6-be8d-b249ee1867b4}</UniqueIdentifier>
    </Filter>
    <Filter Include="Source\TileEngine">
      <UniqueIdentifier>{4caee2a1-03f5-4b6b-b800-88e5894e6435}</UniqueIdentifier>
    </Filter>
    <Filter Include="Source\Game\Models">
      <UniqueIdentifier>{7f96be59-ed46-4f90-931c-9d9160862a53}</UniqueIdentifier>
    </Filter>
  </ItemGroup>
  <ItemGroup>
    <ResourceCompile Include="Embed\PlanetFarm.rc">
      <Filter>Embed</Filter>
    </ResourceCompile>
  </ItemGroup>
</Project>